<?xml version="1.0" encoding="utf-8"?>
<Project ToolsVersion="4.0" xmlns="http://schemas.microsoft.com/developer/msbuild/2003">
  <ItemGroup>
    <Filter Include="源文件">
      <UniqueIdentifier>{4FC737F1-C7A5-4376-A066-2A32D752A2FF}</UniqueIdentifier>
      <Extensions>cpp;c;cc;cxx;def;odl;idl;hpj;bat;asm;asmx</Extensions>
    </Filter>
    <Filter Include="头文件">
      <UniqueIdentifier>{93995380-89BD-4b04-88EB-625FBE52EBFB}</UniqueIdentifier>
      <Extensions>h;hh;hpp;hxx;hm;inl;inc;xsd</Extensions>
    </Filter>
    <Filter Include="资源文件">
      <UniqueIdentifier>{67DA6AB6-F800-4c08-8B7A-83BB121AAD01}</UniqueIdentifier>
      <Extensions>rc;ico;cur;bmp;dlg;rc2;rct;bin;rgs;gif;jpg;jpeg;jpe;resx;tiff;tif;png;wav;mfcribbon-ms</Extensions>
    </Filter>
  </ItemGroup>
  <ItemGroup>
    <ClCompile Include="main.cpp">
      <Filter>源文件</Filter>
    </ClCompile>
    <ClCompile Include="..\..\oes_sample_c\01_oes_client_stock_sample.c">
      <Filter>源文件</Filter>
    </ClCompile>
    <ClCompile Include="..\..\oes_sample_c\02_oes_client_option_sample.c">
      <Filter>源文件</Filter>
    </ClCompile>
    <ClCompile Include="..\..\oes_sample_c\03_oes_async_api_sample.c">
      <Filter>源文件</Filter>
    </ClCompile>
    <ClCompile Include="..\..\oes_sample_c\04_oes_stk_query_sample.c">
      <Filter>源文件</Filter>
    </ClCompile>
    <ClCompile Include="..\..\oes_sample_c\05_oes_opt_query_sample.c">
      <Filter>源文件</Filter>
    </ClCompile>
    <ClCompile Include="..\..\oes_sample_c\08_oes_async_client_credit_sample.c">
      <Filter>源文件</Filter>
    </ClCompile>
    <ClCompile Include="..\..\oes_sample_c\10_oes_async_crd_query_sample.c">
      <Filter>源文件</Filter>
    </ClCompile>
  </ItemGroup>
</Project>